
Microsoft Visual Studio Solution File, Format Version 12.00
# Visual Studio Version 16
VisualStudioVersion = 16.0.29613.14
MinimumVisualStudioVersion = 10.0.40219.1
Project("{FAE04EC0-301F-11D3-BF4B-00C04F79EFBC}") = "WpfTestApp", "WpfTestApp\WpfTestApp.csproj", "{6291DAD0-07BD-4BE0-9CB7-91E2A15C00E0}"
EndProject
Project("{FAE04EC0-301F-11D3-BF4B-00C04F79EFBC}") = "NavigationTree", "NavigationTree\NavigationTree.csproj", "{635C1CE5-ACB8-44C0-9017-A51DB82E7AB9}"
EndProject
Global
	GlobalSection(SolutionConfigurationPlatforms) = preSolution
		Debug|Any CPU = Debug|Any CPU
		Release|Any CPU = Release|Any CPU
	EndGlobalSection
	GlobalSection(ProjectConfigurationPlatforms) = postSolution
		{6291DAD0-07BD-4BE0-9CB7-91E2A15C00E0}.Debug|Any CPU.ActiveCfg = Debug|Any CPU
		{6291DAD0-07BD-4BE0-9CB7-91E2A15C00E0}.Debug|Any CPU.Build.0 = Debug|Any CPU
		{6291DAD0-07BD-4BE0-9CB7-91E2A15C00E0}.Release|Any CPU.ActiveCfg = Release|Any CPU
		{6291DAD0-07BD-4BE0-9CB7-91E2A15C00E0}.Release|Any CPU.Build.0 = Release|Any CPU
		{635C1CE5-ACB8-44C0-9017-A51DB82E7AB9}.Debug|Any CPU.ActiveCfg = Debug|Any CPU
		{635C1CE5-ACB8-44C0-9017-A51DB82E7AB9}.Debug|Any CPU.Build.0 = Debug|Any CPU
		{635C1CE5-ACB8-44C0-9017-A51DB82E7AB9}.Release|Any CPU.ActiveCfg = Release|Any CPU
		{635C1CE5-ACB8-44C0-9017-A51DB82E7AB9}.Release|Any CPU.Build.0 = Release|Any CPU
	EndGlobalSection
	GlobalSection(SolutionProperties) = preSolution
		HideSolutionNode = FALSE
	EndGlobalSection
	GlobalSection(ExtensibilityGlobals) = postSolution
		SolutionGuid = {AA5288C6-850F-4A66-8C5A-853BBBB72DCD}
	EndGlobalSection
EndGlobal
