
Microsoft Visual Studio Solution File, Format Version 12.00
# Visual Studio Version 16
VisualStudioVersion = 16.0.29613.14
MinimumVisualStudioVersion = 10.0.40219.1
Project("{FAE04EC0-301F-11D3-BF4B-00C04F79EFBC}") = "NavigationTree", "NavigationTree\NavigationTree.csproj", "{23C83123-A45F-4141-8ABC-F099B04FFA3A}"
EndProject
Project("{FAE04EC0-301F-11D3-BF4B-00C04F79EFBC}") = "WpfTestAppModels", "WpfTestAppModels\WpfTestAppModels.csproj", "{A5C2DE07-C6DE-45B1-BA7D-5D9BBC620C08}"
EndProject
Project("{FAE04EC0-301F-11D3-BF4B-00C04F79EFBC}") = "WpfTestAppServices", "WpfTestAppServices\WpfTestAppServices.csproj", "{5EDF7B74-A1B0-4F15-8834-E2B7F04D858D}"
EndProject
Project("{FAE04EC0-301F-11D3-BF4B-00C04F79EFBC}") = "EditorViews", "EditorViews\EditorViews.csproj", "{E4C4891F-E8D2-44CF-82FA-036465FE5F75}"
EndProject
Project("{FAE04EC0-301F-11D3-BF4B-00C04F79EFBC}") = "WpfTestApp", "WpfTestApp\WpfTestApp.csproj", "{B0F2C71C-FBE1-4CBD-BB4C-BA46A75543A8}"
EndProject
Project("{FAE04EC0-301F-11D3-BF4B-00C04F79EFBC}") = "PrismDialog", "PrismDialog\PrismDialog.csproj", "{2263B011-5902-4969-BD62-81C134815B9D}"
EndProject
Global
	GlobalSection(SolutionConfigurationPlatforms) = preSolution
		Debug|Any CPU = Debug|Any CPU
		Release|Any CPU = Release|Any CPU
	EndGlobalSection
	GlobalSection(ProjectConfigurationPlatforms) = postSolution
		{23C83123-A45F-4141-8ABC-F099B04FFA3A}.Debug|Any CPU.ActiveCfg = Debug|Any CPU
		{23C83123-A45F-4141-8ABC-F099B04FFA3A}.Debug|Any CPU.Build.0 = Debug|Any CPU
		{23C83123-A45F-4141-8ABC-F099B04FFA3A}.Release|Any CPU.ActiveCfg = Release|Any CPU
		{23C83123-A45F-4141-8ABC-F099B04FFA3A}.Release|Any CPU.Build.0 = Release|Any CPU
		{A5C2DE07-C6DE-45B1-BA7D-5D9BBC620C08}.Debug|Any CPU.ActiveCfg = Debug|Any CPU
		{A5C2DE07-C6DE-45B1-BA7D-5D9BBC620C08}.Debug|Any CPU.Build.0 = Debug|Any CPU
		{A5C2DE07-C6DE-45B1-BA7D-5D9BBC620C08}.Release|Any CPU.ActiveCfg = Release|Any CPU
		{A5C2DE07-C6DE-45B1-BA7D-5D9BBC620C08}.Release|Any CPU.Build.0 = Release|Any CPU
		{5EDF7B74-A1B0-4F15-8834-E2B7F04D858D}.Debug|Any CPU.ActiveCfg = Debug|Any CPU
		{5EDF7B74-A1B0-4F15-8834-E2B7F04D858D}.Debug|Any CPU.Build.0 = Debug|Any CPU
		{5EDF7B74-A1B0-4F15-8834-E2B7F04D858D}.Release|Any CPU.ActiveCfg = Release|Any CPU
		{5EDF7B74-A1B0-4F15-8834-E2B7F04D858D}.Release|Any CPU.Build.0 = Release|Any CPU
		{E4C4891F-E8D2-44CF-82FA-036465FE5F75}.Debug|Any CPU.ActiveCfg = Debug|Any CPU
		{E4C4891F-E8D2-44CF-82FA-036465FE5F75}.Debug|Any CPU.Build.0 = Debug|Any CPU
		{E4C4891F-E8D2-44CF-82FA-036465FE5F75}.Release|Any CPU.ActiveCfg = Release|Any CPU
		{E4C4891F-E8D2-44CF-82FA-036465FE5F75}.Release|Any CPU.Build.0 = Release|Any CPU
		{B0F2C71C-FBE1-4CBD-BB4C-BA46A75543A8}.Debug|Any CPU.ActiveCfg = Debug|Any CPU
		{B0F2C71C-FBE1-4CBD-BB4C-BA46A75543A8}.Debug|Any CPU.Build.0 = Debug|Any CPU
		{B0F2C71C-FBE1-4CBD-BB4C-BA46A75543A8}.Release|Any CPU.ActiveCfg = Release|Any CPU
		{B0F2C71C-FBE1-4CBD-BB4C-BA46A75543A8}.Release|Any CPU.Build.0 = Release|Any CPU
		{2263B011-5902-4969-BD62-81C134815B9D}.Debug|Any CPU.ActiveCfg = Debug|Any CPU
		{2263B011-5902-4969-BD62-81C134815B9D}.Debug|Any CPU.Build.0 = Debug|Any CPU
		{2263B011-5902-4969-BD62-81C134815B9D}.Release|Any CPU.ActiveCfg = Release|Any CPU
		{2263B011-5902-4969-BD62-81C134815B9D}.Release|Any CPU.Build.0 = Release|Any CPU
	EndGlobalSection
	GlobalSection(SolutionProperties) = preSolution
		HideSolutionNode = FALSE
	EndGlobalSection
	GlobalSection(ExtensibilityGlobals) = postSolution
		SolutionGuid = {7C065001-AD0F-4116-BF1E-6C357556B010}
	EndGlobalSection
EndGlobal
